
Microsoft Visual Studio Solution File, Format Version 12.00
# Visual Studio Version 16
VisualStudioVersion = 16.0.29926.136
MinimumVisualStudioVersion = 10.0.40219.1
Project("{FAE04EC0-301F-11D3-BF4B-00C04F79EFBC}") = "Week8.Gus", "Week8.Gus\Week8.Gus.csproj", "{A2A0FB21-E452-48AB-9FD9-6ADD6562F7FC}"
EndProject
Project("{2150E333-8FDC-42A3-9474-1A3956D46DE8}") = "Week8", "Week8", "{CC6F7726-D772-40D8-913D-A987865F5574}"
EndProject
Global
	GlobalSection(SolutionConfigurationPlatforms) = preSolution
		Debug|Any CPU = Debug|Any CPU
		Release|Any CPU = Release|Any CPU
	EndGlobalSection
	GlobalSection(ProjectConfigurationPlatforms) = postSolution
		{A2A0FB21-E452-48AB-9FD9-6ADD6562F7FC}.Debug|Any CPU.ActiveCfg = Debug|Any CPU
		{A2A0FB21-E452-48AB-9FD9-6ADD6562F7FC}.Debug|Any CPU.Build.0 = Debug|Any CPU
		{A2A0FB21-E452-48AB-9FD9-6ADD6562F7FC}.Release|Any CPU.ActiveCfg = Release|Any CPU
		{A2A0FB21-E452-48AB-9FD9-6ADD6562F7FC}.Release|Any CPU.Build.0 = Release|Any CPU
	EndGlobalSection
	GlobalSection(SolutionProperties) = preSolution
		HideSolutionNode = FALSE
	EndGlobalSection
	GlobalSection(ExtensibilityGlobals) = postSolution
		SolutionGuid = {461B9069-359C-4FCE-BFC9-A88D74DE4CCD}
	EndGlobalSection
EndGlobal
